// !$*UTF8*$!
{
	archiveVersion = 1;
	classes = {
	};
	objectVersion = 50;
	objects = {

/* Begin PBXBuildFile section */
		BA245F432358580900C0B1E1 /* AppDelegate.swift in Sources */ = {isa = PBXBuildFile; fileRef = BA245F422358580900C0B1E1 /* AppDelegate.swift */; };
		BA245F452358580900C0B1E1 /* SceneDelegate.swift in Sources */ = {isa = PBXBuildFile; fileRef = BA245F442358580900C0B1E1 /* SceneDelegate.swift */; };
		BA245F472358580900C0B1E1 /* ViewController.swift in Sources */ = {isa = PBXBuildFile; fileRef = BA245F462358580900C0B1E1 /* ViewController.swift */; };
		BA245F4A2358580900C0B1E1 /* Main.storyboard in Resources */ = {isa = PBXBuildFile; fileRef = BA245F482358580900C0B1E1 /* Main.storyboard */; };
		BA245F4C2358580A00C0B1E1 /* Assets.xcassets in Resources */ = {isa = PBXBuildFile; fileRef = BA245F4B2358580A00C0B1E1 /* Assets.xcassets */; };
		BA245F4F2358580A00C0B1E1 /* LaunchScreen.storyboard in Resources */ = {isa = PBXBuildFile; fileRef = BA245F4D2358580A00C0B1E1 /* LaunchScreen.storyboard */; };
		BA245F5A2358580B00C0B1E1 /* NFCAndChirpTests.swift in Sources */ = {isa = PBXBuildFile; fileRef = BA245F592358580B00C0B1E1 /* NFCAndChirpTests.swift */; };
		BA245F652358580B00C0B1E1 /* NFCAndChirpUITests.swift in Sources */ = {isa = PBXBuildFile; fileRef = BA245F642358580B00C0B1E1 /* NFCAndChirpUITests.swift */; };
/* End PBXBuildFile section */

/* Begin PBXContainerItemProxy section */
		BA245F562358580B00C0B1E1 /* PBXContainerItemProxy */ = {
			isa = PBXContainerItemProxy;
			containerPortal = BA245F372358580900C0B1E1 /* Project object */;
			proxyType = 1;
			remoteGlobalIDString = BA245F3E2358580900C0B1E1;
			remoteInfo = NFCAndChirp;
		};
		BA245F612358580B00C0B1E1 /* PBXContainerItemProxy */ = {
			isa = PBXContainerItemProxy;
			containerPortal = BA245F372358580900C0B1E1 /* Project object */;
			proxyType = 1;
			remoteGlobalIDString = BA245F3E2358580900C0B1E1;
			remoteInfo = NFCAndChirp;
		};
/* End PBXContainerItemProxy section */

/* Begin PBXFileReference section */
		BA245F3F2358580900C0B1E1 /* NFCAndChirp.app */ = {isa = PBXFileReference; explicitFileType = wrapper.application; includeInIndex = 0; path = NFCAndChirp.app; sourceTree = BUILT_PRODUCTS_DIR; };
		BA245F422358580900C0B1E1 /* AppDelegate.swift */ = {isa = PBXFileReference; lastKnownFileType = sourcecode.swift; path = AppDelegate.swift; sourceTree = "<group>"; };
		BA245F442358580900C0B1E1 /* SceneDelegate.swift */ = {isa = PBXFileReference; lastKnownFileType = sourcecode.swift; path = SceneDelegate.swift; sourceTree = "<group>"; };
		BA245F462358580900C0B1E1 /* ViewController.swift */ = {isa = PBXFileReference; lastKnownFileType = sourcecode.swift; path = ViewController.swift; sourceTree = "<group>"; };
		BA245F492358580900C0B1E1 /* Base */ = {isa = PBXFileReference; lastKnownFileType = file.storyboard; name = Base; path = Base.lproj/Main.storyboard; sourceTree = "<group>"; };
		BA245F4B2358580A00C0B1E1 /* Assets.xcassets */ = {isa = PBXFileReference; lastKnownFileType = folder.assetcatalog; path = Assets.xcassets; sourceTree = "<group>"; };
		BA245F4E2358580A00C0B1E1 /* Base */ = {isa = PBXFileReference; lastKnownFileType = file.storyboard; name = Base; path = Base.lproj/LaunchScreen.storyboard; sourceTree = "<group>"; };
		BA245F502358580A00C0B1E1 /* Info.plist */ = {isa = PBXFileReference; lastKnownFileType = text.plist.xml; path = Info.plist; sourceTree = "<group>"; };
		BA245F552358580B00C0B1E1 /* NFCAndChirpTests.xctest */ = {isa = PBXFileReference; explicitFileType = wrapper.cfbundle; includeInIndex = 0; path = NFCAndChirpTests.xctest; sourceTree = BUILT_PRODUCTS_DIR; };
		BA245F592358580B00C0B1E1 /* NFCAndChirpTests.swift */ = {isa = PBXFileReference; lastKnownFileType = sourcecode.swift; path = NFCAndChirpTests.swift; sourceTree = "<group>"; };
		BA245F5B2358580B00C0B1E1 /* Info.plist */ = {isa = PBXFileReference; lastKnownFileType = text.plist.xml; path = Info.plist; sourceTree = "<group>"; };
		BA245F602358580B00C0B1E1 /* NFCAndChirpUITests.xctest */ = {isa = PBXFileReference; explicitFileType = wrapper.cfbundle; includeInIndex = 0; path = NFCAndChirpUITests.xctest; sourceTree = BUILT_PRODUCTS_DIR; };
		BA245F642358580B00C0B1E1 /* NFCAndChirpUITests.swift */ = {isa = PBXFileReference; lastKnownFileType = sourcecode.swift; path = NFCAndChirpUITests.swift; sourceTree = "<group>"; };
		BA245F662358580B00C0B1E1 /* Info.plist */ = {isa = PBXFileReference; lastKnownFileType = text.plist.xml; path = Info.plist; sourceTree = "<group>"; };
/* End PBXFileReference section */

/* Begin PBXFrameworksBuildPhase section */
		BA245F3C2358580900C0B1E1 /* Frameworks */ = {
			isa = PBXFrameworksBuildPhase;
			buildActionMask = 2147483647;
			files = (
			);
			runOnlyForDeploymentPostprocessing = 0;
		};
		BA245F522358580B00C0B1E1 /* Frameworks */ = {
			isa = PBXFrameworksBuildPhase;
			buildActionMask = 2147483647;
			files = (
			);
			runOnlyForDeploymentPostprocessing = 0;
		};
		BA245F5D2358580B00C0B1E1 /* Frameworks */ = {
			isa = PBXFrameworksBuildPhase;
			buildActionMask = 2147483647;
			files = (
			);
			runOnlyForDeploymentPostprocessing = 0;
		};
/* End PBXFrameworksBuildPhase section */

/* Begin PBXGroup section */
		BA245F362358580900C0B1E1 = {
			isa = PBXGroup;
			children = (
				BA245F412358580900C0B1E1 /* NFCAndChirp */,
				BA245F582358580B00C0B1E1 /* NFCAndChirpTests */,
				BA245F632358580B00C0B1E1 /* NFCAndChirpUITests */,
				BA245F402358580900C0B1E1 /* Products */,
			);
			sourceTree = "<group>";
		};
		BA245F402358580900C0B1E1 /* Products */ = {
			isa = PBXGroup;
			children = (
				BA245F3F2358580900C0B1E1 /* NFCAndChirp.app */,
				BA245F552358580B00C0B1E1 /* NFCAndChirpTests.xctest */,
				BA245F602358580B00C0B1E1 /* NFCAndChirpUITests.xctest */,
			);
			name = Products;
			sourceTree = "<group>";
		};
		BA245F412358580900C0B1E1 /* NFCAndChirp */ = {
			isa = PBXGroup;
			children = (
				BA245F422358580900C0B1E1 /* AppDelegate.swift */,
				BA245F442358580900C0B1E1 /* SceneDelegate.swift */,
				BA245F462358580900C0B1E1 /* ViewController.swift */,
				BA245F482358580900C0B1E1 /* Main.storyboard */,
				BA245F4B2358580A00C0B1E1 /* Assets.xcassets */,
				BA245F4D2358580A00C0B1E1 /* LaunchScreen.storyboard */,
				BA245F502358580A00C0B1E1 /* Info.plist */,
			);
			path = NFCAndChirp;
			sourceTree = "<group>";
		};
		BA245F582358580B00C0B1E1 /* NFCAndChirpTests */ = {
			isa = PBXGroup;
			children = (
				BA245F592358580B00C0B1E1 /* NFCAndChirpTests.swift */,
				BA245F5B2358580B00C0B1E1 /* Info.plist */,
			);
			path = NFCAndChirpTests;
			sourceTree = "<group>";
		};
		BA245F632358580B00C0B1E1 /* NFCAndChirpUITests */ = {
			isa = PBXGroup;
			children = (
				BA245F642358580B00C0B1E1 /* NFCAndChirpUITests.swift */,
				BA245F662358580B00C0B1E1 /* Info.plist */,
			);
			path = NFCAndChirpUITests;
			sourceTree = "<group>";
		};
/* End PBXGroup section */

/* Begin PBXNativeTarget section */
		BA245F3E2358580900C0B1E1 /* NFCAndChirp */ = {
			isa = PBXNativeTarget;
			buildConfigurationList = BA245F692358580B00C0B1E1 /* Build configuration list for PBXNativeTarget "NFCAndChirp" */;
			buildPhases = (
				BA245F3B2358580900C0B1E1 /* Sources */,
				BA245F3C2358580900C0B1E1 /* Frameworks */,
				BA245F3D2358580900C0B1E1 /* Resources */,
			);
			buildRules = (
			);
			dependencies = (
			);
			name = NFCAndChirp;
			productName = NFCAndChirp;
			productReference = BA245F3F2358580900C0B1E1 /* NFCAndChirp.app */;
			productType = "com.apple.product-type.application";
		};
		BA245F542358580B00C0B1E1 /* NFCAndChirpTests */ = {
			isa = PBXNativeTarget;
			buildConfigurationList = BA245F6C2358580B00C0B1E1 /* Build configuration list for PBXNativeTarget "NFCAndChirpTests" */;
			buildPhases = (
				BA245F512358580B00C0B1E1 /* Sources */,
				BA245F522358580B00C0B1E1 /* Frameworks */,
				BA245F532358580B00C0B1E1 /* Resources */,
			);
			buildRules = (
			);
			dependencies = (
				BA245F572358580B00C0B1E1 /* PBXTargetDependency */,
			);
			name = NFCAndChirpTests;
			productName = NFCAndChirpTests;
			productReference = BA245F552358580B00C0B1E1 /* NFCAndChirpTests.xctest */;
			productType = "com.apple.product-type.bundle.unit-test";
		};
		BA245F5F2358580B00C0B1E1 /* NFCAndChirpUITests */ = {
			isa = PBXNativeTarget;
			buildConfigurationList = BA245F6F2358580B00C0B1E1 /* Build configuration list for PBXNativeTarget "NFCAndChirpUITests" */;
			buildPhases = (
				BA245F5C2358580B00C0B1E1 /* Sources */,
				BA245F5D2358580B00C0B1E1 /* Frameworks */,
				BA245F5E2358580B00C0B1E1 /* Resources */,
			);
			buildRules = (
			);
			dependencies = (
				BA245F622358580B00C0B1E1 /* PBXTargetDependency */,
			);
			name = NFCAndChirpUITests;
			productName = NFCAndChirpUITests;
			productReference = BA245F602358580B00C0B1E1 /* NFCAndChirpUITests.xctest */;
			productType = "com.apple.product-type.bundle.ui-testing";
		};
/* End PBXNativeTarget section */

/* Begin PBXProject section */
		BA245F372358580900C0B1E1 /* Project object */ = {
			isa = PBXProject;
			attributes = {
				LastSwiftUpdateCheck = 1110;
				LastUpgradeCheck = 1110;
				TargetAttributes = {
					BA245F3E2358580900C0B1E1 = {
						CreatedOnToolsVersion = 11.1;
					};
					BA245F542358580B00C0B1E1 = {
						CreatedOnToolsVersion = 11.1;
						TestTargetID = BA245F3E2358580900C0B1E1;
					};
					BA245F5F2358580B00C0B1E1 = {
						CreatedOnToolsVersion = 11.1;
						TestTargetID = BA245F3E2358580900C0B1E1;
					};
				};
			};
			buildConfigurationList = BA245F3A2358580900C0B1E1 /* Build configuration list for PBXProject "NFCAndChirp" */;
			compatibilityVersion = "Xcode 9.3";
			developmentRegion = en;
			hasScannedForEncodings = 0;
			knownRegions = (
				en,
				Base,
			);
			mainGroup = BA245F362358580900C0B1E1;
			productRefGroup = BA245F402358580900C0B1E1 /* Products */;
			projectDirPath = "";
			projectRoot = "";
			targets = (
				BA245F3E2358580900C0B1E1 /* NFCAndChirp */,
				BA245F542358580B00C0B1E1 /* NFCAndChirpTests */,
				BA245F5F2358580B00C0B1E1 /* NFCAndChirpUITests */,
			);
		};
/* End PBXProject section */

/* Begin PBXResourcesBuildPhase section */
		BA245F3D2358580900C0B1E1 /* Resources */ = {
			isa = PBXResourcesBuildPhase;
			buildActionMask = 2147483647;
			files = (
				BA245F4F2358580A00C0B1E1 /* LaunchScreen.storyboard in Resources */,
				BA245F4C2358580A00C0B1E1 /* Assets.xcassets in Resources */,
				BA245F4A2358580900C0B1E1 /* Main.storyboard in Resources */,
			);
			runOnlyForDeploymentPostprocessing = 0;
		};
		BA245F532358580B00C0B1E1 /* Resources */ = {
			isa = PBXResourcesBuildPhase;
			buildActionMask = 2147483647;
			files = (
			);
			runOnlyForDeploymentPostprocessing = 0;
		};
		BA245F5E2358580B00C0B1E1 /* Resources */ = {
			isa = PBXResourcesBuildPhase;
			buildActionMask = 2147483647;
			files = (
			);
			runOnlyForDeploymentPostprocessing = 0;
		};
/* End PBXResourcesBuildPhase section */

/* Begin PBXSourcesBuildPhase section */
		BA245F3B2358580900C0B1E1 /* Sources */ = {
			isa = PBXSourcesBuildPhase;
			buildActionMask = 2147483647;
			files = (
				BA245F472358580900C0B1E1 /* ViewController.swift in Sources */,
				BA245F432358580900C0B1E1 /* AppDelegate.swift in Sources */,
				BA245F452358580900C0B1E1 /* SceneDelegate.swift in Sources */,
			);
			runOnlyForDeploymentPostprocessing = 0;
		};
		BA245F512358580B00C0B1E1 /* Sources */ = {
			isa = PBXSourcesBuildPhase;
			buildActionMask = 2147483647;
			files = (
				BA245F5A2358580B00C0B1E1 /* NFCAndChirpTests.swift in Sources */,
			);
			runOnlyForDeploymentPostprocessing = 0;
		};
		BA245F5C2358580B00C0B1E1 /* Sources */ = {
			isa = PBXSourcesBuildPhase;
			buildActionMask = 2147483647;
			files = (
				BA245F652358580B00C0B1E1 /* NFCAndChirpUITests.swift in Sources */,
			);
			runOnlyForDeploymentPostprocessing = 0;
		};
/* End PBXSourcesBuildPhase section */

/* Begin PBXTargetDependency section */
		BA245F572358580B00C0B1E1 /* PBXTargetDependency */ = {
			isa = PBXTargetDependency;
			target = BA245F3E2358580900C0B1E1 /* NFCAndChirp */;
			targetProxy = BA245F562358580B00C0B1E1 /* PBXContainerItemProxy */;
		};
		BA245F622358580B00C0B1E1 /* PBXTargetDependency */ = {
			isa = PBXTargetDependency;
			target = BA245F3E2358580900C0B1E1 /* NFCAndChirp */;
			targetProxy = BA245F612358580B00C0B1E1 /* PBXContainerItemProxy */;
		};
/* End PBXTargetDependency section */

/* Begin PBXVariantGroup section */
		BA245F482358580900C0B1E1 /* Main.storyboard */ = {
			isa = PBXVariantGroup;
			children = (
				BA245F492358580900C0B1E1 /* Base */,
			);
			name = Main.storyboard;
			sourceTree = "<group>";
		};
		BA245F4D2358580A00C0B1E1 /* LaunchScreen.storyboard */ = {
			isa = PBXVariantGroup;
			children = (
				BA245F4E2358580A00C0B1E1 /* Base */,
			);
			name = LaunchScreen.storyboard;
			sourceTree = "<group>";
		};
/* End PBXVariantGroup section */

/* Begin XCBuildConfiguration section */
		BA245F672358580B00C0B1E1 /* Debug */ = {
			isa = XCBuildConfiguration;
			buildSettings = {
				ALWAYS_SEARCH_USER_PATHS = NO;
				CLANG_ANALYZER_NONNULL = YES;
				CLANG_ANALYZER_NUMBER_OBJECT_CONVERSION = YES_AGGRESSIVE;
				CLANG_CXX_LANGUAGE_STANDARD = "gnu++14";
				CLANG_CXX_LIBRARY = "libc++";
				CLANG_ENABLE_MODULES = YES;
				CLANG_ENABLE_OBJC_ARC = YES;
				CLANG_ENABLE_OBJC_WEAK = YES;
				CLANG_WARN_BLOCK_CAPTURE_AUTORELEASING = YES;
				CLANG_WARN_BOOL_CONVERSION = YES;
				CLANG_WARN_COMMA = YES;
				CLANG_WARN_CONSTANT_CONVERSION = YES;
				CLANG_WARN_DEPRECATED_OBJC_IMPLEMENTATIONS = YES;
				CLANG_WARN_DIRECT_OBJC_ISA_USAGE = YES_ERROR;
				CLANG_WARN_DOCUMENTATION_COMMENTS = YES;
				CLANG_WARN_EMPTY_BODY = YES;
				CLANG_WARN_ENUM_CONVERSION = YES;
				CLANG_WARN_INFINITE_RECURSION = YES;
				CLANG_WARN_INT_CONVERSION = YES;
				CLANG_WARN_NON_LITERAL_NULL_CONVERSION = YES;
				CLANG_WARN_OBJC_IMPLICIT_RETAIN_SELF = YES;
				CLANG_WARN_OBJC_LITERAL_CONVERSION = YES;
				CLANG_WARN_OBJC_ROOT_CLASS = YES_ERROR;
				CLANG_WARN_RANGE_LOOP_ANALYSIS = YES;
				CLANG_WARN_STRICT_PROTOTYPES = YES;
				CLANG_WARN_SUSPICIOUS_MOVE = YES;
				CLANG_WARN_UNGUARDED_AVAILABILITY = YES_AGGRESSIVE;
				CLANG_WARN_UNREACHABLE_CODE = YES;
				CLANG_WARN__DUPLICATE_METHOD_MATCH = YES;
				COPY_PHASE_STRIP = NO;
				DEBUG_INFORMATION_FORMAT = dwarf;
				ENABLE_STRICT_OBJC_MSGSEND = YES;
				ENABLE_TESTABILITY = YES;
				GCC_C_LANGUAGE_STANDARD = gnu11;
				GCC_DYNAMIC_NO_PIC = NO;
				GCC_NO_COMMON_BLOCKS = YES;
				GCC_OPTIMIZATION_LEVEL = 0;
				GCC_PREPROCESSOR_DEFINITIONS = (
					"DEBUG=1",
					"$(inherited)",
				);
				GCC_WARN_64_TO_32_BIT_CONVERSION = YES;
				GCC_WARN_ABOUT_RETURN_TYPE = YES_ERROR;
				GCC_WARN_UNDECLARED_SELECTOR = YES;
				GCC_WARN_UNINITIALIZED_AUTOS = YES_AGGRESSIVE;
				GCC_WARN_UNUSED_FUNCTION = YES;
				GCC_WARN_UNUSED_VARIABLE = YES;
				IPHONEOS_DEPLOYMENT_TARGET = 13.1;
				MTL_ENABLE_DEBUG_INFO = INCLUDE_SOURCE;
				MTL_FAST_MATH = YES;
				ONLY_ACTIVE_ARCH = YES;
				SDKROOT = iphoneos;
				SWIFT_ACTIVE_COMPILATION_CONDITIONS = DEBUG;
				SWIFT_OPTIMIZATION_LEVEL = "-Onone";
			};
			name = Debug;
		};
		BA245F682358580B00C0B1E1 /* Release */ = {
			isa = XCBuildConfiguration;
			buildSettings = {
				ALWAYS_SEARCH_USER_PATHS = NO;
				CLANG_ANALYZER_NONNULL = YES;
				CLANG_ANALYZER_NUMBER_OBJECT_CONVERSION = YES_AGGRESSIVE;
				CLANG_CXX_LANGUAGE_STANDARD = "gnu++14";
				CLANG_CXX_LIBRARY = "libc++";
				CLANG_ENABLE_MODULES = YES;
				CLANG_ENABLE_OBJC_ARC = YES;
				CLANG_ENABLE_OBJC_WEAK = YES;
				CLANG_WARN_BLOCK_CAPTURE_AUTORELEASING = YES;
				CLANG_WARN_BOOL_CONVERSION = YES;
				CLANG_WARN_COMMA = YES;
				CLANG_WARN_CONSTANT_CONVERSION = YES;
				CLANG_WARN_DEPRECATED_OBJC_IMPLEMENTATIONS = YES;
				CLANG_WARN_DIRECT_OBJC_ISA_USAGE = YES_ERROR;
				CLANG_WARN_DOCUMENTATION_COMMENTS = YES;
				CLANG_WARN_EMPTY_BODY = YES;
				CLANG_WARN_ENUM_CONVERSION = YES;
				CLANG_WARN_INFINITE_RECURSION = YES;
				CLANG_WARN_INT_CONVERSION = YES;
				CLANG_WARN_NON_LITERAL_NULL_CONVERSION = YES;
				CLANG_WARN_OBJC_IMPLICIT_RETAIN_SELF = YES;
				CLANG_WARN_OBJC_LITERAL_CONVERSION = YES;
				CLANG_WARN_OBJC_ROOT_CLASS = YES_ERROR;
				CLANG_WARN_RANGE_LOOP_ANALYSIS = YES;
				CLANG_WARN_STRICT_PROTOTYPES = YES;
				CLANG_WARN_SUSPICIOUS_MOVE = YES;
				CLANG_WARN_UNGUARDED_AVAILABILITY = YES_AGGRESSIVE;
				CLANG_WARN_UNREACHABLE_CODE = YES;
				CLANG_WARN__DUPLICATE_METHOD_MATCH = YES;
				COPY_PHASE_STRIP = NO;
				DEBUG_INFORMATION_FORMAT = "dwarf-with-dsym";
				ENABLE_NS_ASSERTIONS = NO;
				ENABLE_STRICT_OBJC_MSGSEND = YES;
				GCC_C_LANGUAGE_STANDARD = gnu11;
				GCC_NO_COMMON_BLOCKS = YES;
				GCC_WARN_64_TO_32_BIT_CONVERSION = YES;
				GCC_WARN_ABOUT_RETURN_TYPE = YES_ERROR;
				GCC_WARN_UNDECLARED_SELECTOR = YES;
				GCC_WARN_UNINITIALIZED_AUTOS = YES_AGGRESSIVE;
				GCC_WARN_UNUSED_FUNCTION = YES;
				GCC_WARN_UNUSED_VARIABLE = YES;
				IPHONEOS_DEPLOYMENT_TARGET = 13.1;
				MTL_ENABLE_DEBUG_INFO = NO;
				MTL_FAST_MATH = YES;
				SDKROOT = iphoneos;
				SWIFT_COMPILATION_MODE = wholemodule;
				SWIFT_OPTIMIZATION_LEVEL = "-O";
				VALIDATE_PRODUCT = YES;
			};
			name = Release;
		};
		BA245F6A2358580B00C0B1E1 /* Debug */ = {
			isa = XCBuildConfiguration;
			buildSettings = {
				ASSETCATALOG_COMPILER_APPICON_NAME = AppIcon;
				CODE_SIGN_STYLE = Automatic;
				DEVELOPMENT_TEAM = 8JB8P4DX7G;
				INFOPLIST_FILE = NFCAndChirp/Info.plist;
				LD_RUNPATH_SEARCH_PATHS = (
					"$(inherited)",
					"@executable_path/Frameworks",
				);
				PRODUCT_BUNDLE_IDENTIFIER = com.trinhhc.NFCAndChirp;
				PRODUCT_NAME = "$(TARGET_NAME)";
				SWIFT_VERSION = 5.0;
				TARGETED_DEVICE_FAMILY = "1,2";
			};
			name = Debug;
		};
		BA245F6B2358580B00C0B1E1 /* Release */ = {
			isa = XCBuildConfiguration;
			buildSettings = {
				ASSETCATALOG_COMPILER_APPICON_NAME = AppIcon;
				CODE_SIGN_STYLE = Automatic;
				DEVELOPMENT_TEAM = 8JB8P4DX7G;
				INFOPLIST_FILE = NFCAndChirp/Info.plist;
				LD_RUNPATH_SEARCH_PATHS = (
					"$(inherited)",
					"@executable_path/Frameworks",
				);
				PRODUCT_BUNDLE_IDENTIFIER = com.trinhhc.NFCAndChirp;
				PRODUCT_NAME = "$(TARGET_NAME)";
				SWIFT_VERSION = 5.0;
				TARGETED_DEVICE_FAMILY = "1,2";
			};
			name = Release;
		};
		BA245F6D2358580B00C0B1E1 /* Debug */ = {
			isa = XCBuildConfiguration;
			buildSettings = {
				ALWAYS_EMBED_SWIFT_STANDARD_LIBRARIES = YES;
				BUNDLE_LOADER = "$(TEST_HOST)";
				CODE_SIGN_STYLE = Automatic;
				DEVELOPMENT_TEAM = 8JB8P4DX7G;
				INFOPLIST_FILE = NFCAndChirpTests/Info.plist;
				IPHONEOS_DEPLOYMENT_TARGET = 13.1;
				LD_RUNPATH_SEARCH_PATHS = (
					"$(inherited)",
					"@executable_path/Frameworks",
					"@loader_path/Frameworks",
				);
				PRODUCT_BUNDLE_IDENTIFIER = com.trinhhc.NFCAndChirpTests;
				PRODUCT_NAME = "$(TARGET_NAME)";
				SWIFT_VERSION = 5.0;
				TARGETED_DEVICE_FAMILY = "1,2";
				TEST_HOST = "$(BUILT_PRODUCTS_DIR)/NFCAndChirp.app/NFCAndChirp";
			};
			name = Debug;
		};
		BA245F6E2358580B00C0B1E1 /* Release */ = {
			isa = XCBuildConfiguration;
			buildSettings = {
				ALWAYS_EMBED_SWIFT_STANDARD_LIBRARIES = YES;
				BUNDLE_LOADER = "$(TEST_HOST)";
				CODE_SIGN_STYLE = Automatic;
				DEVELOPMENT_TEAM = 8JB8P4DX7G;
				INFOPLIST_FILE = NFCAndChirpTests/Info.plist;
				IPHONEOS_DEPLOYMENT_TARGET = 13.1;
				LD_RUNPATH_SEARCH_PATHS = (
					"$(inherited)",
					"@executable_path/Frameworks",
					"@loader_path/Frameworks",
				);
				PRODUCT_BUNDLE_IDENTIFIER = com.trinhhc.NFCAndChirpTests;
				PRODUCT_NAME = "$(TARGET_NAME)";
				SWIFT_VERSION = 5.0;
				TARGETED_DEVICE_FAMILY = "1,2";
				TEST_HOST = "$(BUILT_PRODUCTS_DIR)/NFCAndChirp.app/NFCAndChirp";
			};
			name = Release;
		};
		BA245F702358580B00C0B1E1 /* Debug */ = {
			isa = XCBuildConfiguration;
			buildSettings = {
				ALWAYS_EMBED_SWIFT_STANDARD_LIBRARIES = YES;
				CODE_SIGN_STYLE = Automatic;
				DEVELOPMENT_TEAM = 8JB8P4DX7G;
				INFOPLIST_FILE = NFCAndChirpUITests/Info.plist;
				LD_RUNPATH_SEARCH_PATHS = (
					"$(inherited)",
					"@executable_path/Frameworks",
					"@loader_path/Frameworks",
				);
				PRODUCT_BUNDLE_IDENTIFIER = com.trinhhc.NFCAndChirpUITests;
				PRODUCT_NAME = "$(TARGET_NAME)";
				SWIFT_VERSION = 5.0;
				TARGETED_DEVICE_FAMILY = "1,2";
				TEST_TARGET_NAME = NFCAndChirp;
			};
			name = Debug;
		};
		BA245F712358580B00C0B1E1 /* Release */ = {
			isa = XCBuildConfiguration;
			buildSettings = {
				ALWAYS_EMBED_SWIFT_STANDARD_LIBRARIES = YES;
				CODE_SIGN_STYLE = Automatic;
				DEVELOPMENT_TEAM = 8JB8P4DX7G;
				INFOPLIST_FILE = NFCAndChirpUITests/Info.plist;
				LD_RUNPATH_SEARCH_PATHS = (
					"$(inherited)",
					"@executable_path/Frameworks",
					"@loader_path/Frameworks",
				);
				PRODUCT_BUNDLE_IDENTIFIER = com.trinhhc.NFCAndChirpUITests;
				PRODUCT_NAME = "$(TARGET_NAME)";
				SWIFT_VERSION = 5.0;
				TARGETED_DEVICE_FAMILY = "1,2";
				TEST_TARGET_NAME = NFCAndChirp;
			};
			name = Release;
		};
/* End XCBuildConfiguration section */

/* Begin XCConfigurationList section */
		BA245F3A2358580900C0B1E1 /* Build configuration list for PBXProject "NFCAndChirp" */ = {
			isa = XCConfigurationList;
			buildConfigurations = (
				BA245F672358580B00C0B1E1 /* Debug */,
				BA245F682358580B00C0B1E1 /* Release */,
			);
			defaultConfigurationIsVisible = 0;
			defaultConfigurationName = Release;
		};
		BA245F692358580B00C0B1E1 /* Build configuration list for PBXNativeTarget "NFCAndChirp" */ = {
			isa = XCConfigurationList;
			buildConfigurations = (
				BA245F6A2358580B00C0B1E1 /* Debug */,
				BA245F6B2358580B00C0B1E1 /* Release */,
			);
			defaultConfigurationIsVisible = 0;
			defaultConfigurationName = Release;
		};
		BA245F6C2358580B00C0B1E1 /* Build configuration list for PBXNativeTarget "NFCAndChirpTests" */ = {
			isa = XCConfigurationList;
			buildConfigurations = (
				BA245F6D2358580B00C0B1E1 /* Debug */,
				BA245F6E2358580B00C0B1E1 /* Release */,
			);
			defaultConfigurationIsVisible = 0;
			defaultConfigurationName = Release;
		};
		BA245F6F2358580B00C0B1E1 /* Build configuration list for PBXNativeTarget "NFCAndChirpUITests" */ = {
			isa = XCConfigurationList;
			buildConfigurations = (
				BA245F702358580B00C0B1E1 /* Debug */,
				BA245F712358580B00C0B1E1 /* Release */,
			);
			defaultConfigurationIsVisible = 0;
			defaultConfigurationName = Release;
		};
/* End XCConfigurationList section */
	};
	rootObject = BA245F372358580900C0B1E1 /* Project object */;
}
