// !$*UTF8*$!
{
	archiveVersion = 1;
	classes = {
	};
	objectVersion = 50;
	objects = {

/* Begin PBXBuildFile section */
		38F6481884BD1A802F8711F4 /* Pods_NFCAndChirp.framework in Frameworks */ = {isa = PBXBuildFile; fileRef = BD25752E75217DC42B1DBAE0 /* Pods_NFCAndChirp.framework */; };
		BA245F432358580900C0B1E1 /* AppDelegate.swift in Sources */ = {isa = PBXBuildFile; fileRef = BA245F422358580900C0B1E1 /* AppDelegate.swift */; };
		BA245F452358580900C0B1E1 /* SceneDelegate.swift in Sources */ = {isa = PBXBuildFile; fileRef = BA245F442358580900C0B1E1 /* SceneDelegate.swift */; };
		BA245F472358580900C0B1E1 /* ViewController.swift in Sources */ = {isa = PBXBuildFile; fileRef = BA245F462358580900C0B1E1 /* ViewController.swift */; };
		BA245F4A2358580900C0B1E1 /* Main.storyboard in Resources */ = {isa = PBXBuildFile; fileRef = BA245F482358580900C0B1E1 /* Main.storyboard */; };
		BA245F4C2358580A00C0B1E1 /* Assets.xcassets in Resources */ = {isa = PBXBuildFile; fileRef = BA245F4B2358580A00C0B1E1 /* Assets.xcassets */; };
		BA245F4F2358580A00C0B1E1 /* LaunchScreen.storyboard in Resources */ = {isa = PBXBuildFile; fileRef = BA245F4D2358580A00C0B1E1 /* LaunchScreen.storyboard */; };
		BA245F73235858C700C0B1E1 /* NFCManager.swift in Sources */ = {isa = PBXBuildFile; fileRef = BA245F72235858C700C0B1E1 /* NFCManager.swift */; };
		BA245F762358656B00C0B1E1 /* ChirpManager.swift in Sources */ = {isa = PBXBuildFile; fileRef = BA245F752358656B00C0B1E1 /* ChirpManager.swift */; };
/* End PBXBuildFile section */

/* Begin PBXFileReference section */
		2F47787203A7E47D66F812D1 /* Pods-NFCAndChirp.debug.xcconfig */ = {isa = PBXFileReference; includeInIndex = 1; lastKnownFileType = text.xcconfig; name = "Pods-NFCAndChirp.debug.xcconfig"; path = "Target Support Files/Pods-NFCAndChirp/Pods-NFCAndChirp.debug.xcconfig"; sourceTree = "<group>"; };
		BA245F3F2358580900C0B1E1 /* NFCAndChirp.app */ = {isa = PBXFileReference; explicitFileType = wrapper.application; includeInIndex = 0; path = NFCAndChirp.app; sourceTree = BUILT_PRODUCTS_DIR; };
		BA245F422358580900C0B1E1 /* AppDelegate.swift */ = {isa = PBXFileReference; lastKnownFileType = sourcecode.swift; path = AppDelegate.swift; sourceTree = "<group>"; };
		BA245F442358580900C0B1E1 /* SceneDelegate.swift */ = {isa = PBXFileReference; lastKnownFileType = sourcecode.swift; path = SceneDelegate.swift; sourceTree = "<group>"; };
		BA245F462358580900C0B1E1 /* ViewController.swift */ = {isa = PBXFileReference; lastKnownFileType = sourcecode.swift; path = ViewController.swift; sourceTree = "<group>"; };
		BA245F492358580900C0B1E1 /* Base */ = {isa = PBXFileReference; lastKnownFileType = file.storyboard; name = Base; path = Base.lproj/Main.storyboard; sourceTree = "<group>"; };
		BA245F4B2358580A00C0B1E1 /* Assets.xcassets */ = {isa = PBXFileReference; lastKnownFileType = folder.assetcatalog; path = Assets.xcassets; sourceTree = "<group>"; };
		BA245F4E2358580A00C0B1E1 /* Base */ = {isa = PBXFileReference; lastKnownFileType = file.storyboard; name = Base; path = Base.lproj/LaunchScreen.storyboard; sourceTree = "<group>"; };
		BA245F502358580A00C0B1E1 /* Info.plist */ = {isa = PBXFileReference; lastKnownFileType = text.plist.xml; path = Info.plist; sourceTree = "<group>"; };
		BA245F72235858C700C0B1E1 /* NFCManager.swift */ = {isa = PBXFileReference; lastKnownFileType = sourcecode.swift; path = NFCManager.swift; sourceTree = "<group>"; };
		BA245F7423585A3B00C0B1E1 /* NFCAndChirp.entitlements */ = {isa = PBXFileReference; lastKnownFileType = text.plist.entitlements; path = NFCAndChirp.entitlements; sourceTree = "<group>"; };
		BA245F752358656B00C0B1E1 /* ChirpManager.swift */ = {isa = PBXFileReference; lastKnownFileType = sourcecode.swift; path = ChirpManager.swift; sourceTree = "<group>"; };
		BD25752E75217DC42B1DBAE0 /* Pods_NFCAndChirp.framework */ = {isa = PBXFileReference; explicitFileType = wrapper.framework; includeInIndex = 0; path = Pods_NFCAndChirp.framework; sourceTree = BUILT_PRODUCTS_DIR; };
		DD2D4324B1F122E30A6F05C1 /* Pods-NFCAndChirp.release.xcconfig */ = {isa = PBXFileReference; includeInIndex = 1; lastKnownFileType = text.xcconfig; name = "Pods-NFCAndChirp.release.xcconfig"; path = "Target Support Files/Pods-NFCAndChirp/Pods-NFCAndChirp.release.xcconfig"; sourceTree = "<group>"; };
/* End PBXFileReference section */

/* Begin PBXFrameworksBuildPhase section */
		BA245F3C2358580900C0B1E1 /* Frameworks */ = {
			isa = PBXFrameworksBuildPhase;
			buildActionMask = 2147483647;
			files = (
				38F6481884BD1A802F8711F4 /* Pods_NFCAndChirp.framework in Frameworks */,
			);
			runOnlyForDeploymentPostprocessing = 0;
		};
/* End PBXFrameworksBuildPhase section */

/* Begin PBXGroup section */
		6297B77CAEF4F5466C8D15DA /* Pods */ = {
			isa = PBXGroup;
			children = (
				2F47787203A7E47D66F812D1 /* Pods-NFCAndChirp.debug.xcconfig */,
				DD2D4324B1F122E30A6F05C1 /* Pods-NFCAndChirp.release.xcconfig */,
			);
			path = Pods;
			sourceTree = "<group>";
		};
		BA245F362358580900C0B1E1 = {
			isa = PBXGroup;
			children = (
				BA245F412358580900C0B1E1 /* NFCAndChirp */,
				BA245F402358580900C0B1E1 /* Products */,
				6297B77CAEF4F5466C8D15DA /* Pods */,
				F9460CC376FB85479509C48B /* Frameworks */,
			);
			sourceTree = "<group>";
		};
		BA245F402358580900C0B1E1 /* Products */ = {
			isa = PBXGroup;
			children = (
				BA245F3F2358580900C0B1E1 /* NFCAndChirp.app */,
			);
			name = Products;
			sourceTree = "<group>";
		};
		BA245F412358580900C0B1E1 /* NFCAndChirp */ = {
			isa = PBXGroup;
			children = (
				BA245F7423585A3B00C0B1E1 /* NFCAndChirp.entitlements */,
				BA245F422358580900C0B1E1 /* AppDelegate.swift */,
				BA245F442358580900C0B1E1 /* SceneDelegate.swift */,
				BA245F462358580900C0B1E1 /* ViewController.swift */,
				BA245F72235858C700C0B1E1 /* NFCManager.swift */,
				BA245F752358656B00C0B1E1 /* ChirpManager.swift */,
				BA245F482358580900C0B1E1 /* Main.storyboard */,
				BA245F4B2358580A00C0B1E1 /* Assets.xcassets */,
				BA245F4D2358580A00C0B1E1 /* LaunchScreen.storyboard */,
				BA245F502358580A00C0B1E1 /* Info.plist */,
			);
			path = NFCAndChirp;
			sourceTree = "<group>";
		};
		F9460CC376FB85479509C48B /* Frameworks */ = {
			isa = PBXGroup;
			children = (
				BD25752E75217DC42B1DBAE0 /* Pods_NFCAndChirp.framework */,
			);
			name = Frameworks;
			sourceTree = "<group>";
		};
/* End PBXGroup section */

/* Begin PBXNativeTarget section */
		BA245F3E2358580900C0B1E1 /* NFCAndChirp */ = {
			isa = PBXNativeTarget;
			buildConfigurationList = BA245F692358580B00C0B1E1 /* Build configuration list for PBXNativeTarget "NFCAndChirp" */;
			buildPhases = (
				90E4E8F0F4B805CF5D709A2E /* [CP] Check Pods Manifest.lock */,
				BA245F3B2358580900C0B1E1 /* Sources */,
				BA245F3C2358580900C0B1E1 /* Frameworks */,
				BA245F3D2358580900C0B1E1 /* Resources */,
			);
			buildRules = (
			);
			dependencies = (
			);
			name = NFCAndChirp;
			productName = NFCAndChirp;
			productReference = BA245F3F2358580900C0B1E1 /* NFCAndChirp.app */;
			productType = "com.apple.product-type.application";
		};
/* End PBXNativeTarget section */

/* Begin PBXProject section */
		BA245F372358580900C0B1E1 /* Project object */ = {
			isa = PBXProject;
			attributes = {
				LastSwiftUpdateCheck = 1110;
				LastUpgradeCheck = 1110;
				TargetAttributes = {
					BA245F3E2358580900C0B1E1 = {
						CreatedOnToolsVersion = 11.1;
					};
				};
			};
			buildConfigurationList = BA245F3A2358580900C0B1E1 /* Build configuration list for PBXProject "NFCAndChirp" */;
			compatibilityVersion = "Xcode 9.3";
			developmentRegion = en;
			hasScannedForEncodings = 0;
			knownRegions = (
				en,
				Base,
			);
			mainGroup = BA245F362358580900C0B1E1;
			productRefGroup = BA245F402358580900C0B1E1 /* Products */;
			projectDirPath = "";
			projectRoot = "";
			targets = (
				BA245F3E2358580900C0B1E1 /* NFCAndChirp */,
			);
		};
/* End PBXProject section */

/* Begin PBXResourcesBuildPhase section */
		BA245F3D2358580900C0B1E1 /* Resources */ = {
			isa = PBXResourcesBuildPhase;
			buildActionMask = 2147483647;
			files = (
				BA245F4F2358580A00C0B1E1 /* LaunchScreen.storyboard in Resources */,
				BA245F4C2358580A00C0B1E1 /* Assets.xcassets in Resources */,
				BA245F4A2358580900C0B1E1 /* Main.storyboard in Resources */,
			);
			runOnlyForDeploymentPostprocessing = 0;
		};
/* End PBXResourcesBuildPhase section */

/* Begin PBXShellScriptBuildPhase section */
		90E4E8F0F4B805CF5D709A2E /* [CP] Check Pods Manifest.lock */ = {
			isa = PBXShellScriptBuildPhase;
			buildActionMask = 2147483647;
			files = (
			);
			inputFileListPaths = (
			);
			inputPaths = (
				"${PODS_PODFILE_DIR_PATH}/Podfile.lock",
				"${PODS_ROOT}/Manifest.lock",
			);
			name = "[CP] Check Pods Manifest.lock";
			outputFileListPaths = (
			);
			outputPaths = (
				"$(DERIVED_FILE_DIR)/Pods-NFCAndChirp-checkManifestLockResult.txt",
			);
			runOnlyForDeploymentPostprocessing = 0;
			shellPath = /bin/sh;
			shellScript = "diff \"${PODS_PODFILE_DIR_PATH}/Podfile.lock\" \"${PODS_ROOT}/Manifest.lock\" > /dev/null\nif [ $? != 0 ] ; then\n    # print error to STDERR\n    echo \"error: The sandbox is not in sync with the Podfile.lock. Run 'pod install' or update your CocoaPods installation.\" >&2\n    exit 1\nfi\n# This output is used by Xcode 'outputs' to avoid re-running this script phase.\necho \"SUCCESS\" > \"${SCRIPT_OUTPUT_FILE_0}\"\n";
			showEnvVarsInLog = 0;
		};
/* End PBXShellScriptBuildPhase section */

/* Begin PBXSourcesBuildPhase section */
		BA245F3B2358580900C0B1E1 /* Sources */ = {
			isa = PBXSourcesBuildPhase;
			buildActionMask = 2147483647;
			files = (
				BA245F762358656B00C0B1E1 /* ChirpManager.swift in Sources */,
				BA245F472358580900C0B1E1 /* ViewController.swift in Sources */,
				BA245F73235858C700C0B1E1 /* NFCManager.swift in Sources */,
				BA245F432358580900C0B1E1 /* AppDelegate.swift in Sources */,
				BA245F452358580900C0B1E1 /* SceneDelegate.swift in Sources */,
			);
			runOnlyForDeploymentPostprocessing = 0;
		};
/* End PBXSourcesBuildPhase section */

/* Begin PBXVariantGroup section */
		BA245F482358580900C0B1E1 /* Main.storyboard */ = {
			isa = PBXVariantGroup;
			children = (
				BA245F492358580900C0B1E1 /* Base */,
			);
			name = Main.storyboard;
			sourceTree = "<group>";
		};
		BA245F4D2358580A00C0B1E1 /* LaunchScreen.storyboard */ = {
			isa = PBXVariantGroup;
			children = (
				BA245F4E2358580A00C0B1E1 /* Base */,
			);
			name = LaunchScreen.storyboard;
			sourceTree = "<group>";
		};
/* End PBXVariantGroup section */

/* Begin XCBuildConfiguration section */
		BA245F672358580B00C0B1E1 /* Debug */ = {
			isa = XCBuildConfiguration;
			buildSettings = {
				ALWAYS_SEARCH_USER_PATHS = NO;
				CLANG_ANALYZER_NONNULL = YES;
				CLANG_ANALYZER_NUMBER_OBJECT_CONVERSION = YES_AGGRESSIVE;
				CLANG_CXX_LANGUAGE_STANDARD = "gnu++14";
				CLANG_CXX_LIBRARY = "libc++";
				CLANG_ENABLE_MODULES = YES;
				CLANG_ENABLE_OBJC_ARC = YES;
				CLANG_ENABLE_OBJC_WEAK = YES;
				CLANG_WARN_BLOCK_CAPTURE_AUTORELEASING = YES;
				CLANG_WARN_BOOL_CONVERSION = YES;
				CLANG_WARN_COMMA = YES;
				CLANG_WARN_CONSTANT_CONVERSION = YES;
				CLANG_WARN_DEPRECATED_OBJC_IMPLEMENTATIONS = YES;
				CLANG_WARN_DIRECT_OBJC_ISA_USAGE = YES_ERROR;
				CLANG_WARN_DOCUMENTATION_COMMENTS = YES;
				CLANG_WARN_EMPTY_BODY = YES;
				CLANG_WARN_ENUM_CONVERSION = YES;
				CLANG_WARN_INFINITE_RECURSION = YES;
				CLANG_WARN_INT_CONVERSION = YES;
				CLANG_WARN_NON_LITERAL_NULL_CONVERSION = YES;
				CLANG_WARN_OBJC_IMPLICIT_RETAIN_SELF = YES;
				CLANG_WARN_OBJC_LITERAL_CONVERSION = YES;
				CLANG_WARN_OBJC_ROOT_CLASS = YES_ERROR;
				CLANG_WARN_RANGE_LOOP_ANALYSIS = YES;
				CLANG_WARN_STRICT_PROTOTYPES = YES;
				CLANG_WARN_SUSPICIOUS_MOVE = YES;
				CLANG_WARN_UNGUARDED_AVAILABILITY = YES_AGGRESSIVE;
				CLANG_WARN_UNREACHABLE_CODE = YES;
				CLANG_WARN__DUPLICATE_METHOD_MATCH = YES;
				COPY_PHASE_STRIP = NO;
				DEBUG_INFORMATION_FORMAT = dwarf;
				ENABLE_STRICT_OBJC_MSGSEND = YES;
				ENABLE_TESTABILITY = YES;
				GCC_C_LANGUAGE_STANDARD = gnu11;
				GCC_DYNAMIC_NO_PIC = NO;
				GCC_NO_COMMON_BLOCKS = YES;
				GCC_OPTIMIZATION_LEVEL = 0;
				GCC_PREPROCESSOR_DEFINITIONS = (
					"DEBUG=1",
					"$(inherited)",
				);
				GCC_WARN_64_TO_32_BIT_CONVERSION = YES;
				GCC_WARN_ABOUT_RETURN_TYPE = YES_ERROR;
				GCC_WARN_UNDECLARED_SELECTOR = YES;
				GCC_WARN_UNINITIALIZED_AUTOS = YES_AGGRESSIVE;
				GCC_WARN_UNUSED_FUNCTION = YES;
				GCC_WARN_UNUSED_VARIABLE = YES;
				IPHONEOS_DEPLOYMENT_TARGET = 13.1;
				MTL_ENABLE_DEBUG_INFO = INCLUDE_SOURCE;
				MTL_FAST_MATH = YES;
				ONLY_ACTIVE_ARCH = YES;
				SDKROOT = iphoneos;
				SWIFT_ACTIVE_COMPILATION_CONDITIONS = DEBUG;
				SWIFT_OPTIMIZATION_LEVEL = "-Onone";
			};
			name = Debug;
		};
		BA245F682358580B00C0B1E1 /* Release */ = {
			isa = XCBuildConfiguration;
			buildSettings = {
				ALWAYS_SEARCH_USER_PATHS = NO;
				CLANG_ANALYZER_NONNULL = YES;
				CLANG_ANALYZER_NUMBER_OBJECT_CONVERSION = YES_AGGRESSIVE;
				CLANG_CXX_LANGUAGE_STANDARD = "gnu++14";
				CLANG_CXX_LIBRARY = "libc++";
				CLANG_ENABLE_MODULES = YES;
				CLANG_ENABLE_OBJC_ARC = YES;
				CLANG_ENABLE_OBJC_WEAK = YES;
				CLANG_WARN_BLOCK_CAPTURE_AUTORELEASING = YES;
				CLANG_WARN_BOOL_CONVERSION = YES;
				CLANG_WARN_COMMA = YES;
				CLANG_WARN_CONSTANT_CONVERSION = YES;
				CLANG_WARN_DEPRECATED_OBJC_IMPLEMENTATIONS = YES;
				CLANG_WARN_DIRECT_OBJC_ISA_USAGE = YES_ERROR;
				CLANG_WARN_DOCUMENTATION_COMMENTS = YES;
				CLANG_WARN_EMPTY_BODY = YES;
				CLANG_WARN_ENUM_CONVERSION = YES;
				CLANG_WARN_INFINITE_RECURSION = YES;
				CLANG_WARN_INT_CONVERSION = YES;
				CLANG_WARN_NON_LITERAL_NULL_CONVERSION = YES;
				CLANG_WARN_OBJC_IMPLICIT_RETAIN_SELF = YES;
				CLANG_WARN_OBJC_LITERAL_CONVERSION = YES;
				CLANG_WARN_OBJC_ROOT_CLASS = YES_ERROR;
				CLANG_WARN_RANGE_LOOP_ANALYSIS = YES;
				CLANG_WARN_STRICT_PROTOTYPES = YES;
				CLANG_WARN_SUSPICIOUS_MOVE = YES;
				CLANG_WARN_UNGUARDED_AVAILABILITY = YES_AGGRESSIVE;
				CLANG_WARN_UNREACHABLE_CODE = YES;
				CLANG_WARN__DUPLICATE_METHOD_MATCH = YES;
				COPY_PHASE_STRIP = NO;
				DEBUG_INFORMATION_FORMAT = "dwarf-with-dsym";
				ENABLE_NS_ASSERTIONS = NO;
				ENABLE_STRICT_OBJC_MSGSEND = YES;
				GCC_C_LANGUAGE_STANDARD = gnu11;
				GCC_NO_COMMON_BLOCKS = YES;
				GCC_WARN_64_TO_32_BIT_CONVERSION = YES;
				GCC_WARN_ABOUT_RETURN_TYPE = YES_ERROR;
				GCC_WARN_UNDECLARED_SELECTOR = YES;
				GCC_WARN_UNINITIALIZED_AUTOS = YES_AGGRESSIVE;
				GCC_WARN_UNUSED_FUNCTION = YES;
				GCC_WARN_UNUSED_VARIABLE = YES;
				IPHONEOS_DEPLOYMENT_TARGET = 13.1;
				MTL_ENABLE_DEBUG_INFO = NO;
				MTL_FAST_MATH = YES;
				SDKROOT = iphoneos;
				SWIFT_COMPILATION_MODE = wholemodule;
				SWIFT_OPTIMIZATION_LEVEL = "-O";
				VALIDATE_PRODUCT = YES;
			};
			name = Release;
		};
		BA245F6A2358580B00C0B1E1 /* Debug */ = {
			isa = XCBuildConfiguration;
			baseConfigurationReference = 2F47787203A7E47D66F812D1 /* Pods-NFCAndChirp.debug.xcconfig */;
			buildSettings = {
				ASSETCATALOG_COMPILER_APPICON_NAME = AppIcon;
				CODE_SIGN_ENTITLEMENTS = NFCAndChirp/NFCAndChirp.entitlements;
				CODE_SIGN_STYLE = Automatic;
				DEVELOPMENT_TEAM = 8JB8P4DX7G;
				ENABLE_BITCODE = NO;
				INFOPLIST_FILE = NFCAndChirp/Info.plist;
				IPHONEOS_DEPLOYMENT_TARGET = 10.0;
				LD_RUNPATH_SEARCH_PATHS = (
					"$(inherited)",
					"@executable_path/Frameworks",
				);
				PRODUCT_BUNDLE_IDENTIFIER = com.trinhhc.NFCAndChirp;
				PRODUCT_NAME = "$(TARGET_NAME)";
				SWIFT_VERSION = 5.0;
				TARGETED_DEVICE_FAMILY = "1,2";
			};
			name = Debug;
		};
		BA245F6B2358580B00C0B1E1 /* Release */ = {
			isa = XCBuildConfiguration;
			baseConfigurationReference = DD2D4324B1F122E30A6F05C1 /* Pods-NFCAndChirp.release.xcconfig */;
			buildSettings = {
				ASSETCATALOG_COMPILER_APPICON_NAME = AppIcon;
				CODE_SIGN_ENTITLEMENTS = NFCAndChirp/NFCAndChirp.entitlements;
				CODE_SIGN_STYLE = Automatic;
				DEVELOPMENT_TEAM = 8JB8P4DX7G;
				ENABLE_BITCODE = NO;
				INFOPLIST_FILE = NFCAndChirp/Info.plist;
				IPHONEOS_DEPLOYMENT_TARGET = 10.0;
				LD_RUNPATH_SEARCH_PATHS = (
					"$(inherited)",
					"@executable_path/Frameworks",
				);
				PRODUCT_BUNDLE_IDENTIFIER = com.trinhhc.NFCAndChirp;
				PRODUCT_NAME = "$(TARGET_NAME)";
				SWIFT_VERSION = 5.0;
				TARGETED_DEVICE_FAMILY = "1,2";
			};
			name = Release;
		};
/* End XCBuildConfiguration section */

/* Begin XCConfigurationList section */
		BA245F3A2358580900C0B1E1 /* Build configuration list for PBXProject "NFCAndChirp" */ = {
			isa = XCConfigurationList;
			buildConfigurations = (
				BA245F672358580B00C0B1E1 /* Debug */,
				BA245F682358580B00C0B1E1 /* Release */,
			);
			defaultConfigurationIsVisible = 0;
			defaultConfigurationName = Release;
		};
		BA245F692358580B00C0B1E1 /* Build configuration list for PBXNativeTarget "NFCAndChirp" */ = {
			isa = XCConfigurationList;
			buildConfigurations = (
				BA245F6A2358580B00C0B1E1 /* Debug */,
				BA245F6B2358580B00C0B1E1 /* Release */,
			);
			defaultConfigurationIsVisible = 0;
			defaultConfigurationName = Release;
		};
/* End XCConfigurationList section */
	};
	rootObject = BA245F372358580900C0B1E1 /* Project object */;
}
